<?xml version="1.0" encoding="utf-8"?>
<Project ToolsVersion="4.0" xmlns="http://schemas.microsoft.com/developer/msbuild/2003">
  <ItemGroup>
    <Filter Include="소스 파일">
      <UniqueIdentifier>{4FC737F1-C7A5-4376-A066-2A32D752A2FF}</UniqueIdentifier>
      <Extensions>cpp;c;cc;cxx;def;odl;idl;hpj;bat;asm;asmx</Extensions>
    </Filter>
    <Filter Include="헤더 파일">
      <UniqueIdentifier>{93995380-89BD-4b04-88EB-625FBE52EBFB}</UniqueIdentifier>
      <Extensions>h;hh;hpp;hxx;hm;inl;inc;xsd</Extensions>
    </Filter>
    <Filter Include="리소스 파일">
      <UniqueIdentifier>{67DA6AB6-F800-4c08-8B7A-83BB121AAD01}</UniqueIdentifier>
      <Extensions>rc;ico;cur;bmp;dlg;rc2;rct;bin;rgs;gif;jpg;jpeg;jpe;resx;tiff;tif;png;wav;mfcribbon-ms</Extensions>
    </Filter>
  </ItemGroup>
  <ItemGroup>
    <ClInclude Include="CTorus.h">
      <Filter>헤더 파일</Filter>
    </ClInclude>
    <ClInclude Include="CAirplane.h">
      <Filter>헤더 파일</Filter>
    </ClInclude>
    <ClInclude Include="CCone.h">
      <Filter>헤더 파일</Filter>
    </ClInclude>
    <ClInclude Include="CCube.h">
      <Filter>헤더 파일</Filter>
    </ClInclude>
    <ClInclude Include="CDoor.h">
      <Filter>헤더 파일</Filter>
    </ClInclude>
    <ClInclude Include="CGLFrameWork.h">
      <Filter>헤더 파일</Filter>
    </ClInclude>
    <ClInclude Include="CGround.h">
      <Filter>헤더 파일</Filter>
    </ClInclude>
    <ClInclude Include="CMoveObjs.h">
      <Filter>헤더 파일</Filter>
    </ClInclude>
    <ClInclude Include="CScene.h">
      <Filter>헤더 파일</Filter>
    </ClInclude>
    <ClInclude Include="CSceneMgr.h">
      <Filter>헤더 파일</Filter>
    </ClInclude>
    <ClInclude Include="CSphere.h">
      <Filter>헤더 파일</Filter>
    </ClInclude>
    <ClInclude Include="stdafx.h">
      <Filter>헤더 파일</Filter>
    </ClInclude>
  </ItemGroup>
  <ItemGroup>
    <ClCompile Include="CAirplane.cpp">
      <Filter>소스 파일</Filter>
    </ClCompile>
    <ClCompile Include="CCone.cpp">
      <Filter>소스 파일</Filter>
    </ClCompile>
    <ClCompile Include="CCube.cpp">
      <Filter>소스 파일</Filter>
    </ClCompile>
    <ClCompile Include="CDoor.cpp">
      <Filter>소스 파일</Filter>
    </ClCompile>
    <ClCompile Include="CGLFrameWork.cpp">
      <Filter>소스 파일</Filter>
    </ClCompile>
    <ClCompile Include="CGround.cpp">
      <Filter>소스 파일</Filter>
    </ClCompile>
    <ClCompile Include="CMoveObjs.cpp">
      <Filter>소스 파일</Filter>
    </ClCompile>
    <ClCompile Include="CScene.cpp">
      <Filter>소스 파일</Filter>
    </ClCompile>
    <ClCompile Include="CSceneMgr.cpp">
      <Filter>소스 파일</Filter>
    </ClCompile>
    <ClCompile Include="CSphere.cpp">
      <Filter>소스 파일</Filter>
    </ClCompile>
    <ClCompile Include="CTorus.cpp">
      <Filter>소스 파일</Filter>
    </ClCompile>
    <ClCompile Include="main22.cpp">
      <Filter>소스 파일</Filter>
    </ClCompile>
    <ClCompile Include="stdafx.cpp">
      <Filter>소스 파일</Filter>
    </ClCompile>
  </ItemGroup>
</Project>