<?xml version="1.0" encoding="utf-8"?>
<Project ToolsVersion="4.0" xmlns="http://schemas.microsoft.com/developer/msbuild/2003">
  <ItemGroup>
    <Filter Include="소스 파일">
      <UniqueIdentifier>{4FC737F1-C7A5-4376-A066-2A32D752A2FF}</UniqueIdentifier>
      <Extensions>cpp;c;cc;cxx;def;odl;idl;hpj;bat;asm;asmx</Extensions>
    </Filter>
    <Filter Include="헤더 파일">
      <UniqueIdentifier>{93995380-89BD-4b04-88EB-625FBE52EBFB}</UniqueIdentifier>
      <Extensions>h;hh;hpp;hxx;hm;inl;inc;xsd</Extensions>
    </Filter>
    <Filter Include="리소스 파일">
      <UniqueIdentifier>{67DA6AB6-F800-4c08-8B7A-83BB121AAD01}</UniqueIdentifier>
      <Extensions>rc;ico;cur;bmp;dlg;rc2;rct;bin;rgs;gif;jpg;jpeg;jpe;resx;tiff;tif;png;wav;mfcribbon-ms</Extensions>
    </Filter>
    <Filter Include="00.Main">
      <UniqueIdentifier>{1a75139e-e05d-478d-a245-5965b72abf04}</UniqueIdentifier>
    </Filter>
    <Filter Include="01.FrameWork">
      <UniqueIdentifier>{93b51b08-14eb-40dc-9385-2d971563f893}</UniqueIdentifier>
    </Filter>
    <Filter Include="02.SceneMgr">
      <UniqueIdentifier>{76f960ea-2577-498c-a731-a8cd18606dda}</UniqueIdentifier>
    </Filter>
    <Filter Include="03.Object">
      <UniqueIdentifier>{8b3044a3-6ac5-4f8e-8eb0-60cf2aa33d28}</UniqueIdentifier>
    </Filter>
    <Filter Include="99.Common">
      <UniqueIdentifier>{2442ee0a-6f18-44b0-af65-22a2fbc6d46e}</UniqueIdentifier>
    </Filter>
    <Filter Include="03.Object\01.Ground">
      <UniqueIdentifier>{2fb20445-0674-4062-84b7-7d6eeda49527}</UniqueIdentifier>
    </Filter>
    <Filter Include="03.Object\02.Pyramid">
      <UniqueIdentifier>{4f8826e8-2dc2-4d78-ac9d-90a3577cfafe}</UniqueIdentifier>
    </Filter>
    <Filter Include="03.Object\03.Snow">
      <UniqueIdentifier>{95809e27-077c-409c-9ea1-5bddc427840d}</UniqueIdentifier>
    </Filter>
    <Filter Include="03.Object\04.Lighting">
      <UniqueIdentifier>{1e7cc01d-44b8-4009-b31e-d9301579ca09}</UniqueIdentifier>
    </Filter>
  </ItemGroup>
  <ItemGroup>
    <ClCompile Include="main30.cpp">
      <Filter>00.Main</Filter>
    </ClCompile>
    <ClCompile Include="stdafx.cpp">
      <Filter>99.Common</Filter>
    </ClCompile>
    <ClCompile Include="CGLFrameWork.cpp">
      <Filter>01.FrameWork</Filter>
    </ClCompile>
    <ClCompile Include="CObj.cpp">
      <Filter>03.Object</Filter>
    </ClCompile>
    <ClCompile Include="CSceneMgr.cpp">
      <Filter>02.SceneMgr</Filter>
    </ClCompile>
    <ClCompile Include="CGround.cpp">
      <Filter>03.Object\01.Ground</Filter>
    </ClCompile>
    <ClCompile Include="CPyramid.cpp">
      <Filter>03.Object\02.Pyramid</Filter>
    </ClCompile>
    <ClCompile Include="CSnow.cpp">
      <Filter>03.Object\03.Snow</Filter>
    </ClCompile>
    <ClCompile Include="CLighting.cpp">
      <Filter>03.Object\04.Lighting</Filter>
    </ClCompile>
  </ItemGroup>
  <ItemGroup>
    <ClInclude Include="stdafx.h">
      <Filter>99.Common</Filter>
    </ClInclude>
    <ClInclude Include="Refer.h">
      <Filter>99.Common</Filter>
    </ClInclude>
    <ClInclude Include="CGLFrameWork.h">
      <Filter>01.FrameWork</Filter>
    </ClInclude>
    <ClInclude Include="CObj.h">
      <Filter>03.Object</Filter>
    </ClInclude>
    <ClInclude Include="CSceneMgr.h">
      <Filter>02.SceneMgr</Filter>
    </ClInclude>
    <ClInclude Include="CGround.h">
      <Filter>03.Object\01.Ground</Filter>
    </ClInclude>
    <ClInclude Include="CPyramid.h">
      <Filter>03.Object\02.Pyramid</Filter>
    </ClInclude>
    <ClInclude Include="CSnow.h">
      <Filter>03.Object\03.Snow</Filter>
    </ClInclude>
    <ClInclude Include="CLighting.h">
      <Filter>03.Object\04.Lighting</Filter>
    </ClInclude>
  </ItemGroup>
</Project>